// !$*UTF8*$!
{
	archiveVersion = 1;
	classes = {
	};
	objectVersion = 46;
	objects = {

/* Begin PBXBuildFile section */
		58D2477515EAF004008E2252 /* UIKit.framework in Frameworks */ = {isa = PBXBuildFile; fileRef = 58D2477415EAF004008E2252 /* UIKit.framework */; };
		58D2477715EAF004008E2252 /* Foundation.framework in Frameworks */ = {isa = PBXBuildFile; fileRef = 58D2477615EAF004008E2252 /* Foundation.framework */; };
		58D2477915EAF004008E2252 /* CoreGraphics.framework in Frameworks */ = {isa = PBXBuildFile; fileRef = 58D2477815EAF004008E2252 /* CoreGraphics.framework */; };
		58D2477F15EAF004008E2252 /* InfoPlist.strings in Resources */ = {isa = PBXBuildFile; fileRef = 58D2477D15EAF004008E2252 /* InfoPlist.strings */; };
		58D2478115EAF004008E2252 /* main.m in Sources */ = {isa = PBXBuildFile; fileRef = 58D2478015EAF004008E2252 /* main.m */; };
		58D2478515EAF004008E2252 /* AppDelegate.m in Sources */ = {isa = PBXBuildFile; fileRef = 58D2478415EAF004008E2252 /* AppDelegate.m */; };
		58D2478815EAF004008E2252 /* MainStoryboard.storyboard in Resources */ = {isa = PBXBuildFile; fileRef = 58D2478615EAF004008E2252 /* MainStoryboard.storyboard */; };
		58D2478B15EAF004008E2252 /* ViewController.m in Sources */ = {isa = PBXBuildFile; fileRef = 58D2478A15EAF004008E2252 /* ViewController.m */; };
		58D2479315EAF30C008E2252 /* BingoController.m in Sources */ = {isa = PBXBuildFile; fileRef = 58D2479215EAF30C008E2252 /* BingoController.m */; };
		58D2479F15EAFEF6008E2252 /* EpisodesController.m in Sources */ = {isa = PBXBuildFile; fileRef = 58D2479E15EAFEF6008E2252 /* EpisodesController.m */; };
		58D247A315EB0091008E2252 /* BoardChoiceController.m in Sources */ = {isa = PBXBuildFile; fileRef = 58D247A215EB0091008E2252 /* BoardChoiceController.m */; };
		58D247A515EB0151008E2252 /* board.png in Resources */ = {isa = PBXBuildFile; fileRef = 58D247A415EB0151008E2252 /* board.png */; };
		58D898F916080D07001E1B2F /* SignInController.m in Sources */ = {isa = PBXBuildFile; fileRef = 58D898F816080D07001E1B2F /* SignInController.m */; };
		58D898FC16080D1D001E1B2F /* RegisterController.m in Sources */ = {isa = PBXBuildFile; fileRef = 58D898FB16080D1D001E1B2F /* RegisterController.m */; };
		58D898FF16080D40001E1B2F /* EmailRegisterController.m in Sources */ = {isa = PBXBuildFile; fileRef = 58D898FE16080D40001E1B2F /* EmailRegisterController.m */; };
		58D8990216080D62001E1B2F /* FacebookPendingController.m in Sources */ = {isa = PBXBuildFile; fileRef = 58D8990116080D62001E1B2F /* FacebookPendingController.m */; };
		58D8990516080D6D001E1B2F /* EmailPendingController.m in Sources */ = {isa = PBXBuildFile; fileRef = 58D8990416080D6D001E1B2F /* EmailPendingController.m */; };
		58D8990916081BCE001E1B2F /* Util.m in Sources */ = {isa = PBXBuildFile; fileRef = 58D8990816081BCE001E1B2F /* Util.m */; };
/* End PBXBuildFile section */

/* Begin PBXFileReference section */
		58D2477015EAF004008E2252 /* Bingo.app */ = {isa = PBXFileReference; explicitFileType = wrapper.application; includeInIndex = 0; path = Bingo.app; sourceTree = BUILT_PRODUCTS_DIR; };
		58D2477415EAF004008E2252 /* UIKit.framework */ = {isa = PBXFileReference; lastKnownFileType = wrapper.framework; name = UIKit.framework; path = System/Library/Frameworks/UIKit.framework; sourceTree = SDKROOT; };
		58D2477615EAF004008E2252 /* Foundation.framework */ = {isa = PBXFileReference; lastKnownFileType = wrapper.framework; name = Foundation.framework; path = System/Library/Frameworks/Foundation.framework; sourceTree = SDKROOT; };
		58D2477815EAF004008E2252 /* CoreGraphics.framework */ = {isa = PBXFileReference; lastKnownFileType = wrapper.framework; name = CoreGraphics.framework; path = System/Library/Frameworks/CoreGraphics.framework; sourceTree = SDKROOT; };
		58D2477C15EAF004008E2252 /* Bingo-Info.plist */ = {isa = PBXFileReference; lastKnownFileType = text.plist.xml; path = "Bingo-Info.plist"; sourceTree = "<group>"; };
		58D2477E15EAF004008E2252 /* en */ = {isa = PBXFileReference; lastKnownFileType = text.plist.strings; name = en; path = en.lproj/InfoPlist.strings; sourceTree = "<group>"; };
		58D2478015EAF004008E2252 /* main.m */ = {isa = PBXFileReference; lastKnownFileType = sourcecode.c.objc; path = main.m; sourceTree = "<group>"; };
		58D2478215EAF004008E2252 /* Bingo-Prefix.pch */ = {isa = PBXFileReference; lastKnownFileType = sourcecode.c.h; path = "Bingo-Prefix.pch"; sourceTree = "<group>"; };
		58D2478315EAF004008E2252 /* AppDelegate.h */ = {isa = PBXFileReference; lastKnownFileType = sourcecode.c.h; path = AppDelegate.h; sourceTree = "<group>"; };
		58D2478415EAF004008E2252 /* AppDelegate.m */ = {isa = PBXFileReference; lastKnownFileType = sourcecode.c.objc; path = AppDelegate.m; sourceTree = "<group>"; };
		58D2478715EAF004008E2252 /* en */ = {isa = PBXFileReference; lastKnownFileType = file.storyboard; name = en; path = en.lproj/MainStoryboard.storyboard; sourceTree = "<group>"; };
		58D2478915EAF004008E2252 /* ViewController.h */ = {isa = PBXFileReference; lastKnownFileType = sourcecode.c.h; path = ViewController.h; sourceTree = "<group>"; };
		58D2478A15EAF004008E2252 /* ViewController.m */ = {isa = PBXFileReference; lastKnownFileType = sourcecode.c.objc; path = ViewController.m; sourceTree = "<group>"; };
		58D2479115EAF30C008E2252 /* BingoController.h */ = {isa = PBXFileReference; fileEncoding = 4; lastKnownFileType = sourcecode.c.h; path = BingoController.h; sourceTree = "<group>"; };
		58D2479215EAF30C008E2252 /* BingoController.m */ = {isa = PBXFileReference; fileEncoding = 4; lastKnownFileType = sourcecode.c.objc; path = BingoController.m; sourceTree = "<group>"; };
		58D2479D15EAFEF6008E2252 /* EpisodesController.h */ = {isa = PBXFileReference; fileEncoding = 4; lastKnownFileType = sourcecode.c.h; path = EpisodesController.h; sourceTree = "<group>"; };
		58D2479E15EAFEF6008E2252 /* EpisodesController.m */ = {isa = PBXFileReference; fileEncoding = 4; lastKnownFileType = sourcecode.c.objc; path = EpisodesController.m; sourceTree = "<group>"; };
		58D247A115EB0091008E2252 /* BoardChoiceController.h */ = {isa = PBXFileReference; fileEncoding = 4; lastKnownFileType = sourcecode.c.h; path = BoardChoiceController.h; sourceTree = "<group>"; };
		58D247A215EB0091008E2252 /* BoardChoiceController.m */ = {isa = PBXFileReference; fileEncoding = 4; lastKnownFileType = sourcecode.c.objc; path = BoardChoiceController.m; sourceTree = "<group>"; };
		58D247A415EB0151008E2252 /* board.png */ = {isa = PBXFileReference; lastKnownFileType = image.png; path = board.png; sourceTree = "<group>"; };
		58D898E71607CFE1001E1B2F /* server */ = {isa = PBXFileReference; lastKnownFileType = folder; path = server; sourceTree = "<group>"; };
		58D898F716080D07001E1B2F /* SignInController.h */ = {isa = PBXFileReference; fileEncoding = 4; lastKnownFileType = sourcecode.c.h; path = SignInController.h; sourceTree = "<group>"; };
		58D898F816080D07001E1B2F /* SignInController.m */ = {isa = PBXFileReference; fileEncoding = 4; lastKnownFileType = sourcecode.c.objc; path = SignInController.m; sourceTree = "<group>"; };
		58D898FA16080D1D001E1B2F /* RegisterController.h */ = {isa = PBXFileReference; fileEncoding = 4; lastKnownFileType = sourcecode.c.h; path = RegisterController.h; sourceTree = "<group>"; };
		58D898FB16080D1D001E1B2F /* RegisterController.m */ = {isa = PBXFileReference; fileEncoding = 4; lastKnownFileType = sourcecode.c.objc; path = RegisterController.m; sourceTree = "<group>"; };
		58D898FD16080D40001E1B2F /* EmailRegisterController.h */ = {isa = PBXFileReference; fileEncoding = 4; lastKnownFileType = sourcecode.c.h; path = EmailRegisterController.h; sourceTree = "<group>"; };
		58D898FE16080D40001E1B2F /* EmailRegisterController.m */ = {isa = PBXFileReference; fileEncoding = 4; lastKnownFileType = sourcecode.c.objc; path = EmailRegisterController.m; sourceTree = "<group>"; };
		58D8990016080D62001E1B2F /* FacebookPendingController.h */ = {isa = PBXFileReference; fileEncoding = 4; lastKnownFileType = sourcecode.c.h; path = FacebookPendingController.h; sourceTree = "<group>"; };
		58D8990116080D62001E1B2F /* FacebookPendingController.m */ = {isa = PBXFileReference; fileEncoding = 4; lastKnownFileType = sourcecode.c.objc; path = FacebookPendingController.m; sourceTree = "<group>"; };
		58D8990316080D6D001E1B2F /* EmailPendingController.h */ = {isa = PBXFileReference; fileEncoding = 4; lastKnownFileType = sourcecode.c.h; path = EmailPendingController.h; sourceTree = "<group>"; };
		58D8990416080D6D001E1B2F /* EmailPendingController.m */ = {isa = PBXFileReference; fileEncoding = 4; lastKnownFileType = sourcecode.c.objc; path = EmailPendingController.m; sourceTree = "<group>"; };
		58D8990716081BCE001E1B2F /* Util.h */ = {isa = PBXFileReference; fileEncoding = 4; lastKnownFileType = sourcecode.c.h; path = Util.h; sourceTree = "<group>"; };
		58D8990816081BCE001E1B2F /* Util.m */ = {isa = PBXFileReference; fileEncoding = 4; lastKnownFileType = sourcecode.c.objc; path = Util.m; sourceTree = "<group>"; };
/* End PBXFileReference section */

/* Begin PBXFrameworksBuildPhase section */
		58D2476D15EAF004008E2252 /* Frameworks */ = {
			isa = PBXFrameworksBuildPhase;
			buildActionMask = 2147483647;
			files = (
				58D2477515EAF004008E2252 /* UIKit.framework in Frameworks */,
				58D2477715EAF004008E2252 /* Foundation.framework in Frameworks */,
				58D2477915EAF004008E2252 /* CoreGraphics.framework in Frameworks */,
			);
			runOnlyForDeploymentPostprocessing = 0;
		};
/* End PBXFrameworksBuildPhase section */

/* Begin PBXGroup section */
		58D2476515EAF004008E2252 = {
			isa = PBXGroup;
			children = (
				58D898E71607CFE1001E1B2F /* server */,
				58D2477A15EAF004008E2252 /* Bingo */,
				58D2477315EAF004008E2252 /* Frameworks */,
				58D2477115EAF004008E2252 /* Products */,
			);
			sourceTree = "<group>";
		};
		58D2477115EAF004008E2252 /* Products */ = {
			isa = PBXGroup;
			children = (
				58D2477015EAF004008E2252 /* Bingo.app */,
			);
			name = Products;
			sourceTree = "<group>";
		};
		58D2477315EAF004008E2252 /* Frameworks */ = {
			isa = PBXGroup;
			children = (
				58D2477415EAF004008E2252 /* UIKit.framework */,
				58D2477615EAF004008E2252 /* Foundation.framework */,
				58D2477815EAF004008E2252 /* CoreGraphics.framework */,
			);
			name = Frameworks;
			sourceTree = "<group>";
		};
		58D2477A15EAF004008E2252 /* Bingo */ = {
			isa = PBXGroup;
			children = (
				58D8990616081BC1001E1B2F /* Util */,
				58D898F516080CA0001E1B2F /* EpisodesController */,
				58D898F416080C55001E1B2F /* EmailPendingController */,
				58D898F316080C4E001E1B2F /* FacebookPendingController */,
				58D898F216080C47001E1B2F /* EmailRegisterController */,
				58D898F116080C40001E1B2F /* RegisterController */,
				58D898F016080C30001E1B2F /* SignInController */,
				58D247A415EB0151008E2252 /* board.png */,
				58D247A015EB0080008E2252 /* BoardChoiceController */,
				58D2478615EAF004008E2252 /* MainStoryboard.storyboard */,
				58D2479615EAF31D008E2252 /* AppDelegate */,
				58D2479515EAF316008E2252 /* ViewController */,
				58D2477B15EAF004008E2252 /* Supporting Files */,
				58D2479415EAF30F008E2252 /* BingoController */,
			);
			path = Bingo;
			sourceTree = "<group>";
		};
		58D2477B15EAF004008E2252 /* Supporting Files */ = {
			isa = PBXGroup;
			children = (
				58D2477C15EAF004008E2252 /* Bingo-Info.plist */,
				58D2477D15EAF004008E2252 /* InfoPlist.strings */,
				58D2478015EAF004008E2252 /* main.m */,
				58D2478215EAF004008E2252 /* Bingo-Prefix.pch */,
			);
			name = "Supporting Files";
			sourceTree = "<group>";
		};
		58D2479415EAF30F008E2252 /* BingoController */ = {
			isa = PBXGroup;
			children = (
				58D2479115EAF30C008E2252 /* BingoController.h */,
				58D2479215EAF30C008E2252 /* BingoController.m */,
			);
			name = BingoController;
			sourceTree = "<group>";
		};
		58D2479515EAF316008E2252 /* ViewController */ = {
			isa = PBXGroup;
			children = (
				58D2478915EAF004008E2252 /* ViewController.h */,
				58D2478A15EAF004008E2252 /* ViewController.m */,
			);
			name = ViewController;
			sourceTree = "<group>";
		};
		58D2479615EAF31D008E2252 /* AppDelegate */ = {
			isa = PBXGroup;
			children = (
				58D2478315EAF004008E2252 /* AppDelegate.h */,
				58D2478415EAF004008E2252 /* AppDelegate.m */,
			);
			name = AppDelegate;
			sourceTree = "<group>";
		};
		58D247A015EB0080008E2252 /* BoardChoiceController */ = {
			isa = PBXGroup;
			children = (
				58D247A115EB0091008E2252 /* BoardChoiceController.h */,
				58D247A215EB0091008E2252 /* BoardChoiceController.m */,
			);
			name = BoardChoiceController;
			sourceTree = "<group>";
		};
		58D898F016080C30001E1B2F /* SignInController */ = {
			isa = PBXGroup;
			children = (
				58D898F716080D07001E1B2F /* SignInController.h */,
				58D898F816080D07001E1B2F /* SignInController.m */,
			);
			name = SignInController;
			sourceTree = "<group>";
		};
		58D898F116080C40001E1B2F /* RegisterController */ = {
			isa = PBXGroup;
			children = (
				58D898FA16080D1D001E1B2F /* RegisterController.h */,
				58D898FB16080D1D001E1B2F /* RegisterController.m */,
			);
			name = RegisterController;
			sourceTree = "<group>";
		};
		58D898F216080C47001E1B2F /* EmailRegisterController */ = {
			isa = PBXGroup;
			children = (
				58D898FD16080D40001E1B2F /* EmailRegisterController.h */,
				58D898FE16080D40001E1B2F /* EmailRegisterController.m */,
			);
			name = EmailRegisterController;
			sourceTree = "<group>";
		};
		58D898F316080C4E001E1B2F /* FacebookPendingController */ = {
			isa = PBXGroup;
			children = (
				58D8990016080D62001E1B2F /* FacebookPendingController.h */,
				58D8990116080D62001E1B2F /* FacebookPendingController.m */,
			);
			name = FacebookPendingController;
			sourceTree = "<group>";
		};
		58D898F416080C55001E1B2F /* EmailPendingController */ = {
			isa = PBXGroup;
			children = (
				58D8990316080D6D001E1B2F /* EmailPendingController.h */,
				58D8990416080D6D001E1B2F /* EmailPendingController.m */,
			);
			name = EmailPendingController;
			sourceTree = "<group>";
		};
		58D898F516080CA0001E1B2F /* EpisodesController */ = {
			isa = PBXGroup;
			children = (
				58D2479D15EAFEF6008E2252 /* EpisodesController.h */,
				58D2479E15EAFEF6008E2252 /* EpisodesController.m */,
			);
			name = EpisodesController;
			sourceTree = "<group>";
		};
		58D8990616081BC1001E1B2F /* Util */ = {
			isa = PBXGroup;
			children = (
				58D8990716081BCE001E1B2F /* Util.h */,
				58D8990816081BCE001E1B2F /* Util.m */,
			);
			name = Util;
			sourceTree = "<group>";
		};
/* End PBXGroup section */

/* Begin PBXNativeTarget section */
		58D2476F15EAF004008E2252 /* Bingo */ = {
			isa = PBXNativeTarget;
			buildConfigurationList = 58D2478E15EAF004008E2252 /* Build configuration list for PBXNativeTarget "Bingo" */;
			buildPhases = (
				58D2476C15EAF004008E2252 /* Sources */,
				58D2476D15EAF004008E2252 /* Frameworks */,
				58D2476E15EAF004008E2252 /* Resources */,
			);
			buildRules = (
			);
			dependencies = (
			);
			name = Bingo;
			productName = Bingo;
			productReference = 58D2477015EAF004008E2252 /* Bingo.app */;
			productType = "com.apple.product-type.application";
		};
/* End PBXNativeTarget section */

/* Begin PBXProject section */
		58D2476715EAF004008E2252 /* Project object */ = {
			isa = PBXProject;
			attributes = {
				LastUpgradeCheck = 0430;
			};
			buildConfigurationList = 58D2476A15EAF004008E2252 /* Build configuration list for PBXProject "Bingo" */;
			compatibilityVersion = "Xcode 3.2";
			developmentRegion = English;
			hasScannedForEncodings = 0;
			knownRegions = (
				en,
			);
			mainGroup = 58D2476515EAF004008E2252;
			productRefGroup = 58D2477115EAF004008E2252 /* Products */;
			projectDirPath = "";
			projectRoot = "";
			targets = (
				58D2476F15EAF004008E2252 /* Bingo */,
			);
		};
/* End PBXProject section */

/* Begin PBXResourcesBuildPhase section */
		58D2476E15EAF004008E2252 /* Resources */ = {
			isa = PBXResourcesBuildPhase;
			buildActionMask = 2147483647;
			files = (
				58D2477F15EAF004008E2252 /* InfoPlist.strings in Resources */,
				58D2478815EAF004008E2252 /* MainStoryboard.storyboard in Resources */,
				58D247A515EB0151008E2252 /* board.png in Resources */,
			);
			runOnlyForDeploymentPostprocessing = 0;
		};
/* End PBXResourcesBuildPhase section */

/* Begin PBXSourcesBuildPhase section */
		58D2476C15EAF004008E2252 /* Sources */ = {
			isa = PBXSourcesBuildPhase;
			buildActionMask = 2147483647;
			files = (
				58D2478115EAF004008E2252 /* main.m in Sources */,
				58D2478515EAF004008E2252 /* AppDelegate.m in Sources */,
				58D2478B15EAF004008E2252 /* ViewController.m in Sources */,
				58D2479315EAF30C008E2252 /* BingoController.m in Sources */,
				58D2479F15EAFEF6008E2252 /* EpisodesController.m in Sources */,
				58D247A315EB0091008E2252 /* BoardChoiceController.m in Sources */,
				58D898F916080D07001E1B2F /* SignInController.m in Sources */,
				58D898FC16080D1D001E1B2F /* RegisterController.m in Sources */,
				58D898FF16080D40001E1B2F /* EmailRegisterController.m in Sources */,
				58D8990216080D62001E1B2F /* FacebookPendingController.m in Sources */,
				58D8990516080D6D001E1B2F /* EmailPendingController.m in Sources */,
				58D8990916081BCE001E1B2F /* Util.m in Sources */,
			);
			runOnlyForDeploymentPostprocessing = 0;
		};
/* End PBXSourcesBuildPhase section */

/* Begin PBXVariantGroup section */
		58D2477D15EAF004008E2252 /* InfoPlist.strings */ = {
			isa = PBXVariantGroup;
			children = (
				58D2477E15EAF004008E2252 /* en */,
			);
			name = InfoPlist.strings;
			sourceTree = "<group>";
		};
		58D2478615EAF004008E2252 /* MainStoryboard.storyboard */ = {
			isa = PBXVariantGroup;
			children = (
				58D2478715EAF004008E2252 /* en */,
			);
			name = MainStoryboard.storyboard;
			sourceTree = "<group>";
		};
/* End PBXVariantGroup section */

/* Begin XCBuildConfiguration section */
		58D2478C15EAF004008E2252 /* Debug */ = {
			isa = XCBuildConfiguration;
			buildSettings = {
				ALWAYS_SEARCH_USER_PATHS = NO;
				ARCHS = "$(ARCHS_STANDARD_32_BIT)";
				CLANG_ENABLE_OBJC_ARC = YES;
				"CODE_SIGN_IDENTITY[sdk=iphoneos*]" = "iPhone Developer";
				COPY_PHASE_STRIP = NO;
				GCC_C_LANGUAGE_STANDARD = gnu99;
				GCC_DYNAMIC_NO_PIC = NO;
				GCC_OPTIMIZATION_LEVEL = 0;
				GCC_PREPROCESSOR_DEFINITIONS = (
					"DEBUG=1",
					"$(inherited)",
				);
				GCC_SYMBOLS_PRIVATE_EXTERN = NO;
				GCC_VERSION = com.apple.compilers.llvm.clang.1_0;
				GCC_WARN_ABOUT_RETURN_TYPE = YES;
				GCC_WARN_UNINITIALIZED_AUTOS = YES;
				GCC_WARN_UNUSED_VARIABLE = YES;
				IPHONEOS_DEPLOYMENT_TARGET = 5.1;
				SDKROOT = iphoneos;
			};
			name = Debug;
		};
		58D2478D15EAF004008E2252 /* Release */ = {
			isa = XCBuildConfiguration;
			buildSettings = {
				ALWAYS_SEARCH_USER_PATHS = NO;
				ARCHS = "$(ARCHS_STANDARD_32_BIT)";
				CLANG_ENABLE_OBJC_ARC = YES;
				"CODE_SIGN_IDENTITY[sdk=iphoneos*]" = "iPhone Developer";
				COPY_PHASE_STRIP = YES;
				GCC_C_LANGUAGE_STANDARD = gnu99;
				GCC_VERSION = com.apple.compilers.llvm.clang.1_0;
				GCC_WARN_ABOUT_RETURN_TYPE = YES;
				GCC_WARN_UNINITIALIZED_AUTOS = YES;
				GCC_WARN_UNUSED_VARIABLE = YES;
				IPHONEOS_DEPLOYMENT_TARGET = 5.1;
				OTHER_CFLAGS = "-DNS_BLOCK_ASSERTIONS=1";
				SDKROOT = iphoneos;
				VALIDATE_PRODUCT = YES;
			};
			name = Release;
		};
		58D2478F15EAF004008E2252 /* Debug */ = {
			isa = XCBuildConfiguration;
			buildSettings = {
				GCC_PRECOMPILE_PREFIX_HEADER = YES;
				GCC_PREFIX_HEADER = "Bingo/Bingo-Prefix.pch";
				INFOPLIST_FILE = "Bingo/Bingo-Info.plist";
				PRODUCT_NAME = "$(TARGET_NAME)";
				WRAPPER_EXTENSION = app;
			};
			name = Debug;
		};
		58D2479015EAF004008E2252 /* Release */ = {
			isa = XCBuildConfiguration;
			buildSettings = {
				GCC_PRECOMPILE_PREFIX_HEADER = YES;
				GCC_PREFIX_HEADER = "Bingo/Bingo-Prefix.pch";
				INFOPLIST_FILE = "Bingo/Bingo-Info.plist";
				PRODUCT_NAME = "$(TARGET_NAME)";
				WRAPPER_EXTENSION = app;
			};
			name = Release;
		};
/* End XCBuildConfiguration section */

/* Begin XCConfigurationList section */
		58D2476A15EAF004008E2252 /* Build configuration list for PBXProject "Bingo" */ = {
			isa = XCConfigurationList;
			buildConfigurations = (
				58D2478C15EAF004008E2252 /* Debug */,
				58D2478D15EAF004008E2252 /* Release */,
			);
			defaultConfigurationIsVisible = 0;
			defaultConfigurationName = Release;
		};
		58D2478E15EAF004008E2252 /* Build configuration list for PBXNativeTarget "Bingo" */ = {
			isa = XCConfigurationList;
			buildConfigurations = (
				58D2478F15EAF004008E2252 /* Debug */,
				58D2479015EAF004008E2252 /* Release */,
			);
			defaultConfigurationIsVisible = 0;
			defaultConfigurationName = Release;
		};
/* End XCConfigurationList section */
	};
	rootObject = 58D2476715EAF004008E2252 /* Project object */;
}
